
Microsoft Visual Studio Solution File, Format Version 12.00
# Visual Studio Version 16
VisualStudioVersion = 16.0.28922.388
MinimumVisualStudioVersion = 10.0.40219.1
Project("{FAE04EC0-301F-11D3-BF4B-00C04F79EFBC}") = "Maps.Web", "Maps\Maps.Web.csproj", "{59333722-1F52-4DBC-A085-14AF0B3A1A0F}"
EndProject
Project("{FAE04EC0-301F-11D3-BF4B-00C04F79EFBC}") = "Maps.Entities", "Maps.Entities\Maps.Entities.csproj", "{F789CEEC-BEC7-4568-96CA-33048ED9C79E}"
EndProject
Project("{FAE04EC0-301F-11D3-BF4B-00C04F79EFBC}") = "Maps.Data", "Maps.Data\Maps.Data.csproj", "{D9A5D0CC-D04A-4CBE-937F-1F51D40725BE}"
EndProject
Global
	GlobalSection(SolutionConfigurationPlatforms) = preSolution
		Debug|Any CPU = Debug|Any CPU
		Release|Any CPU = Release|Any CPU
	EndGlobalSection
	GlobalSection(ProjectConfigurationPlatforms) = postSolution
		{59333722-1F52-4DBC-A085-14AF0B3A1A0F}.Debug|Any CPU.ActiveCfg = Debug|Any CPU
		{59333722-1F52-4DBC-A085-14AF0B3A1A0F}.Debug|Any CPU.Build.0 = Debug|Any CPU
		{59333722-1F52-4DBC-A085-14AF0B3A1A0F}.Release|Any CPU.ActiveCfg = Release|Any CPU
		{59333722-1F52-4DBC-A085-14AF0B3A1A0F}.Release|Any CPU.Build.0 = Release|Any CPU
		{F789CEEC-BEC7-4568-96CA-33048ED9C79E}.Debug|Any CPU.ActiveCfg = Debug|Any CPU
		{F789CEEC-BEC7-4568-96CA-33048ED9C79E}.Debug|Any CPU.Build.0 = Debug|Any CPU
		{F789CEEC-BEC7-4568-96CA-33048ED9C79E}.Release|Any CPU.ActiveCfg = Release|Any CPU
		{F789CEEC-BEC7-4568-96CA-33048ED9C79E}.Release|Any CPU.Build.0 = Release|Any CPU
		{D9A5D0CC-D04A-4CBE-937F-1F51D40725BE}.Debug|Any CPU.ActiveCfg = Debug|Any CPU
		{D9A5D0CC-D04A-4CBE-937F-1F51D40725BE}.Debug|Any CPU.Build.0 = Debug|Any CPU
		{D9A5D0CC-D04A-4CBE-937F-1F51D40725BE}.Release|Any CPU.ActiveCfg = Release|Any CPU
		{D9A5D0CC-D04A-4CBE-937F-1F51D40725BE}.Release|Any CPU.Build.0 = Release|Any CPU
	EndGlobalSection
	GlobalSection(SolutionProperties) = preSolution
		HideSolutionNode = FALSE
	EndGlobalSection
	GlobalSection(ExtensibilityGlobals) = postSolution
		SolutionGuid = {154BA544-BED4-47E5-9591-08B5FDAE2F4B}
	EndGlobalSection
EndGlobal
